// !$*UTF8*$!
{
	archiveVersion = 1;
	classes = {
	};
	objectVersion = 50;
	objects = {

/* Begin PBXBuildFile section */
		EC0287DA238B0BFF0078A3BF /* AppDelegate.swift in Sources */ = {isa = PBXBuildFile; fileRef = EC0287D9238B0BFF0078A3BF /* AppDelegate.swift */; };
		EC0287DC238B0BFF0078A3BF /* SceneDelegate.swift in Sources */ = {isa = PBXBuildFile; fileRef = EC0287DB238B0BFF0078A3BF /* SceneDelegate.swift */; };
		EC0287DE238B0BFF0078A3BF /* ViewController.swift in Sources */ = {isa = PBXBuildFile; fileRef = EC0287DD238B0BFF0078A3BF /* ViewController.swift */; };
		EC0287E1238B0BFF0078A3BF /* Main.storyboard in Resources */ = {isa = PBXBuildFile; fileRef = EC0287DF238B0BFF0078A3BF /* Main.storyboard */; };
		EC0287E3238B0BFF0078A3BF /* Assets.xcassets in Resources */ = {isa = PBXBuildFile; fileRef = EC0287E2238B0BFF0078A3BF /* Assets.xcassets */; };
		EC0287E6238B0BFF0078A3BF /* LaunchScreen.storyboard in Resources */ = {isa = PBXBuildFile; fileRef = EC0287E4238B0BFF0078A3BF /* LaunchScreen.storyboard */; };
/* End PBXBuildFile section */

/* Begin PBXFileReference section */
		EC0287D6238B0BFF0078A3BF /* Dumb App.app */ = {isa = PBXFileReference; explicitFileType = wrapper.application; includeInIndex = 0; path = "Dumb App.app"; sourceTree = BUILT_PRODUCTS_DIR; };
		EC0287D9238B0BFF0078A3BF /* AppDelegate.swift */ = {isa = PBXFileReference; lastKnownFileType = sourcecode.swift; path = AppDelegate.swift; sourceTree = "<group>"; };
		EC0287DB238B0BFF0078A3BF /* SceneDelegate.swift */ = {isa = PBXFileReference; lastKnownFileType = sourcecode.swift; path = SceneDelegate.swift; sourceTree = "<group>"; };
		EC0287DD238B0BFF0078A3BF /* ViewController.swift */ = {isa = PBXFileReference; lastKnownFileType = sourcecode.swift; path = ViewController.swift; sourceTree = "<group>"; };
		EC0287E0238B0BFF0078A3BF /* Base */ = {isa = PBXFileReference; lastKnownFileType = file.storyboard; name = Base; path = Base.lproj/Main.storyboard; sourceTree = "<group>"; };
		EC0287E2238B0BFF0078A3BF /* Assets.xcassets */ = {isa = PBXFileReference; lastKnownFileType = folder.assetcatalog; path = Assets.xcassets; sourceTree = "<group>"; };
		EC0287E5238B0BFF0078A3BF /* Base */ = {isa = PBXFileReference; lastKnownFileType = file.storyboard; name = Base; path = Base.lproj/LaunchScreen.storyboard; sourceTree = "<group>"; };
		EC0287E7238B0BFF0078A3BF /* Info.plist */ = {isa = PBXFileReference; lastKnownFileType = text.plist.xml; path = Info.plist; sourceTree = "<group>"; };
/* End PBXFileReference section */

/* Begin PBXFrameworksBuildPhase section */
		EC0287D3238B0BFF0078A3BF /* Frameworks */ = {
			isa = PBXFrameworksBuildPhase;
			buildActionMask = 2147483647;
			files = (
			);
			runOnlyForDeploymentPostprocessing = 0;
		};
/* End PBXFrameworksBuildPhase section */

/* Begin PBXGroup section */
		EC0287CD238B0BFF0078A3BF = {
			isa = PBXGroup;
			children = (
				EC0287D8238B0BFF0078A3BF /* Dumb App */,
				EC0287D7238B0BFF0078A3BF /* Products */,
			);
			sourceTree = "<group>";
		};
		EC0287D7238B0BFF0078A3BF /* Products */ = {
			isa = PBXGroup;
			children = (
				EC0287D6238B0BFF0078A3BF /* Dumb App.app */,
			);
			name = Products;
			sourceTree = "<group>";
		};
		EC0287D8238B0BFF0078A3BF /* Dumb App */ = {
			isa = PBXGroup;
			children = (
				EC0287D9238B0BFF0078A3BF /* AppDelegate.swift */,
				EC0287DB238B0BFF0078A3BF /* SceneDelegate.swift */,
				EC0287DD238B0BFF0078A3BF /* ViewController.swift */,
				EC0287DF238B0BFF0078A3BF /* Main.storyboard */,
				EC0287E2238B0BFF0078A3BF /* Assets.xcassets */,
				EC0287E4238B0BFF0078A3BF /* LaunchScreen.storyboard */,
				EC0287E7238B0BFF0078A3BF /* Info.plist */,
			);
			path = "Dumb App";
			sourceTree = "<group>";
		};
/* End PBXGroup section */

/* Begin PBXNativeTarget section */
		EC0287D5238B0BFF0078A3BF /* Dumb App */ = {
			isa = PBXNativeTarget;
			buildConfigurationList = EC0287EA238B0BFF0078A3BF /* Build configuration list for PBXNativeTarget "Dumb App" */;
			buildPhases = (
				EC0287D2238B0BFF0078A3BF /* Sources */,
				EC0287D3238B0BFF0078A3BF /* Frameworks */,
				EC0287D4238B0BFF0078A3BF /* Resources */,
			);
			buildRules = (
			);
			dependencies = (
			);
			name = "Dumb App";
			productName = "Dumb App";
			productReference = EC0287D6238B0BFF0078A3BF /* Dumb App.app */;
			productType = "com.apple.product-type.application";
		};
/* End PBXNativeTarget section */

/* Begin PBXProject section */
		EC0287CE238B0BFF0078A3BF /* Project object */ = {
			isa = PBXProject;
			attributes = {
				LastSwiftUpdateCheck = 1120;
				LastUpgradeCheck = 1120;
				ORGANIZATIONNAME = "Geovani Mendoza";
				TargetAttributes = {
					EC0287D5238B0BFF0078A3BF = {
						CreatedOnToolsVersion = 11.2.1;
					};
				};
			};
			buildConfigurationList = EC0287D1238B0BFF0078A3BF /* Build configuration list for PBXProject "Dumb App" */;
			compatibilityVersion = "Xcode 9.3";
			developmentRegion = en;
			hasScannedForEncodings = 0;
			knownRegions = (
				en,
				Base,
			);
			mainGroup = EC0287CD238B0BFF0078A3BF;
			productRefGroup = EC0287D7238B0BFF0078A3BF /* Products */;
			projectDirPath = "";
			projectRoot = "";
			targets = (
				EC0287D5238B0BFF0078A3BF /* Dumb App */,
			);
		};
/* End PBXProject section */

/* Begin PBXResourcesBuildPhase section */
		EC0287D4238B0BFF0078A3BF /* Resources */ = {
			isa = PBXResourcesBuildPhase;
			buildActionMask = 2147483647;
			files = (
				EC0287E6238B0BFF0078A3BF /* LaunchScreen.storyboard in Resources */,
				EC0287E3238B0BFF0078A3BF /* Assets.xcassets in Resources */,
				EC0287E1238B0BFF0078A3BF /* Main.storyboard in Resources */,
			);
			runOnlyForDeploymentPostprocessing = 0;
		};
/* End PBXResourcesBuildPhase section */

/* Begin PBXSourcesBuildPhase section */
		EC0287D2238B0BFF0078A3BF /* Sources */ = {
			isa = PBXSourcesBuildPhase;
			buildActionMask = 2147483647;
			files = (
				EC0287DE238B0BFF0078A3BF /* ViewController.swift in Sources */,
				EC0287DA238B0BFF0078A3BF /* AppDelegate.swift in Sources */,
				EC0287DC238B0BFF0078A3BF /* SceneDelegate.swift in Sources */,
			);
			runOnlyForDeploymentPostprocessing = 0;
		};
/* End PBXSourcesBuildPhase section */

/* Begin PBXVariantGroup section */
		EC0287DF238B0BFF0078A3BF /* Main.storyboard */ = {
			isa = PBXVariantGroup;
			children = (
				EC0287E0238B0BFF0078A3BF /* Base */,
			);
			name = Main.storyboard;
			sourceTree = "<group>";
		};
		EC0287E4238B0BFF0078A3BF /* LaunchScreen.storyboard */ = {
			isa = PBXVariantGroup;
			children = (
				EC0287E5238B0BFF0078A3BF /* Base */,
			);
			name = LaunchScreen.storyboard;
			sourceTree = "<group>";
		};
/* End PBXVariantGroup section */

/* Begin XCBuildConfiguration section */
		EC0287E8238B0BFF0078A3BF /* Debug */ = {
			isa = XCBuildConfiguration;
			buildSettings = {
				ALWAYS_SEARCH_USER_PATHS = NO;
				CLANG_ANALYZER_NONNULL = YES;
				CLANG_ANALYZER_NUMBER_OBJECT_CONVERSION = YES_AGGRESSIVE;
				CLANG_CXX_LANGUAGE_STANDARD = "gnu++14";
				CLANG_CXX_LIBRARY = "libc++";
				CLANG_ENABLE_MODULES = YES;
				CLANG_ENABLE_OBJC_ARC = YES;
				CLANG_ENABLE_OBJC_WEAK = YES;
				CLANG_WARN_BLOCK_CAPTURE_AUTORELEASING = YES;
				CLANG_WARN_BOOL_CONVERSION = YES;
				CLANG_WARN_COMMA = YES;
				CLANG_WARN_CONSTANT_CONVERSION = YES;
				CLANG_WARN_DEPRECATED_OBJC_IMPLEMENTATIONS = YES;
				CLANG_WARN_DIRECT_OBJC_ISA_USAGE = YES_ERROR;
				CLANG_WARN_DOCUMENTATION_COMMENTS = YES;
				CLANG_WARN_EMPTY_BODY = YES;
				CLANG_WARN_ENUM_CONVERSION = YES;
				CLANG_WARN_INFINITE_RECURSION = YES;
				CLANG_WARN_INT_CONVERSION = YES;
				CLANG_WARN_NON_LITERAL_NULL_CONVERSION = YES;
				CLANG_WARN_OBJC_IMPLICIT_RETAIN_SELF = YES;
				CLANG_WARN_OBJC_LITERAL_CONVERSION = YES;
				CLANG_WARN_OBJC_ROOT_CLASS = YES_ERROR;
				CLANG_WARN_RANGE_LOOP_ANALYSIS = YES;
				CLANG_WARN_STRICT_PROTOTYPES = YES;
				CLANG_WARN_SUSPICIOUS_MOVE = YES;
				CLANG_WARN_UNGUARDED_AVAILABILITY = YES_AGGRESSIVE;
				CLANG_WARN_UNREACHABLE_CODE = YES;
				CLANG_WARN__DUPLICATE_METHOD_MATCH = YES;
				COPY_PHASE_STRIP = NO;
				DEBUG_INFORMATION_FORMAT = dwarf;
				ENABLE_STRICT_OBJC_MSGSEND = YES;
				ENABLE_TESTABILITY = YES;
				GCC_C_LANGUAGE_STANDARD = gnu11;
				GCC_DYNAMIC_NO_PIC = NO;
				GCC_NO_COMMON_BLOCKS = YES;
				GCC_OPTIMIZATION_LEVEL = 0;
				GCC_PREPROCESSOR_DEFINITIONS = (
					"DEBUG=1",
					"$(inherited)",
				);
				GCC_WARN_64_TO_32_BIT_CONVERSION = YES;
				GCC_WARN_ABOUT_RETURN_TYPE = YES_ERROR;
				GCC_WARN_UNDECLARED_SELECTOR = YES;
				GCC_WARN_UNINITIALIZED_AUTOS = YES_AGGRESSIVE;
				GCC_WARN_UNUSED_FUNCTION = YES;
				GCC_WARN_UNUSED_VARIABLE = YES;
				IPHONEOS_DEPLOYMENT_TARGET = 13.2;
				MTL_ENABLE_DEBUG_INFO = INCLUDE_SOURCE;
				MTL_FAST_MATH = YES;
				ONLY_ACTIVE_ARCH = YES;
				SDKROOT = iphoneos;
				SWIFT_ACTIVE_COMPILATION_CONDITIONS = DEBUG;
				SWIFT_OPTIMIZATION_LEVEL = "-Onone";
			};
			name = Debug;
		};
		EC0287E9238B0BFF0078A3BF /* Release */ = {
			isa = XCBuildConfiguration;
			buildSettings = {
				ALWAYS_SEARCH_USER_PATHS = NO;
				CLANG_ANALYZER_NONNULL = YES;
				CLANG_ANALYZER_NUMBER_OBJECT_CONVERSION = YES_AGGRESSIVE;
				CLANG_CXX_LANGUAGE_STANDARD = "gnu++14";
				CLANG_CXX_LIBRARY = "libc++";
				CLANG_ENABLE_MODULES = YES;
				CLANG_ENABLE_OBJC_ARC = YES;
				CLANG_ENABLE_OBJC_WEAK = YES;
				CLANG_WARN_BLOCK_CAPTURE_AUTORELEASING = YES;
				CLANG_WARN_BOOL_CONVERSION = YES;
				CLANG_WARN_COMMA = YES;
				CLANG_WARN_CONSTANT_CONVERSION = YES;
				CLANG_WARN_DEPRECATED_OBJC_IMPLEMENTATIONS = YES;
				CLANG_WARN_DIRECT_OBJC_ISA_USAGE = YES_ERROR;
				CLANG_WARN_DOCUMENTATION_COMMENTS = YES;
				CLANG_WARN_EMPTY_BODY = YES;
				CLANG_WARN_ENUM_CONVERSION = YES;
				CLANG_WARN_INFINITE_RECURSION = YES;
				CLANG_WARN_INT_CONVERSION = YES;
				CLANG_WARN_NON_LITERAL_NULL_CONVERSION = YES;
				CLANG_WARN_OBJC_IMPLICIT_RETAIN_SELF = YES;
				CLANG_WARN_OBJC_LITERAL_CONVERSION = YES;
				CLANG_WARN_OBJC_ROOT_CLASS = YES_ERROR;
				CLANG_WARN_RANGE_LOOP_ANALYSIS = YES;
				CLANG_WARN_STRICT_PROTOTYPES = YES;
				CLANG_WARN_SUSPICIOUS_MOVE = YES;
				CLANG_WARN_UNGUARDED_AVAILABILITY = YES_AGGRESSIVE;
				CLANG_WARN_UNREACHABLE_CODE = YES;
				CLANG_WARN__DUPLICATE_METHOD_MATCH = YES;
				COPY_PHASE_STRIP = NO;
				DEBUG_INFORMATION_FORMAT = "dwarf-with-dsym";
				ENABLE_NS_ASSERTIONS = NO;
				ENABLE_STRICT_OBJC_MSGSEND = YES;
				GCC_C_LANGUAGE_STANDARD = gnu11;
				GCC_NO_COMMON_BLOCKS = YES;
				GCC_WARN_64_TO_32_BIT_CONVERSION = YES;
				GCC_WARN_ABOUT_RETURN_TYPE = YES_ERROR;
				GCC_WARN_UNDECLARED_SELECTOR = YES;
				GCC_WARN_UNINITIALIZED_AUTOS = YES_AGGRESSIVE;
				GCC_WARN_UNUSED_FUNCTION = YES;
				GCC_WARN_UNUSED_VARIABLE = YES;
				IPHONEOS_DEPLOYMENT_TARGET = 13.2;
				MTL_ENABLE_DEBUG_INFO = NO;
				MTL_FAST_MATH = YES;
				SDKROOT = iphoneos;
				SWIFT_COMPILATION_MODE = wholemodule;
				SWIFT_OPTIMIZATION_LEVEL = "-O";
				VALIDATE_PRODUCT = YES;
			};
			name = Release;
		};
		EC0287EB238B0BFF0078A3BF /* Debug */ = {
			isa = XCBuildConfiguration;
			buildSettings = {
				ASSETCATALOG_COMPILER_APPICON_NAME = AppIcon;
				CODE_SIGN_STYLE = Automatic;
				INFOPLIST_FILE = "Dumb App/Info.plist";
				LD_RUNPATH_SEARCH_PATHS = (
					"$(inherited)",
					"@executable_path/Frameworks",
				);
				PRODUCT_BUNDLE_IDENTIFIER = "co.saiph.Dumb-App";
				PRODUCT_NAME = "$(TARGET_NAME)";
				SWIFT_VERSION = 5.0;
				TARGETED_DEVICE_FAMILY = "1,2";
			};
			name = Debug;
		};
		EC0287EC238B0BFF0078A3BF /* Release */ = {
			isa = XCBuildConfiguration;
			buildSettings = {
				ASSETCATALOG_COMPILER_APPICON_NAME = AppIcon;
				CODE_SIGN_STYLE = Automatic;
				INFOPLIST_FILE = "Dumb App/Info.plist";
				LD_RUNPATH_SEARCH_PATHS = (
					"$(inherited)",
					"@executable_path/Frameworks",
				);
				PRODUCT_BUNDLE_IDENTIFIER = "co.saiph.Dumb-App";
				PRODUCT_NAME = "$(TARGET_NAME)";
				SWIFT_VERSION = 5.0;
				TARGETED_DEVICE_FAMILY = "1,2";
			};
			name = Release;
		};
/* End XCBuildConfiguration section */

/* Begin XCConfigurationList section */
		EC0287D1238B0BFF0078A3BF /* Build configuration list for PBXProject "Dumb App" */ = {
			isa = XCConfigurationList;
			buildConfigurations = (
				EC0287E8238B0BFF0078A3BF /* Debug */,
				EC0287E9238B0BFF0078A3BF /* Release */,
			);
			defaultConfigurationIsVisible = 0;
			defaultConfigurationName = Release;
		};
		EC0287EA238B0BFF0078A3BF /* Build configuration list for PBXNativeTarget "Dumb App" */ = {
			isa = XCConfigurationList;
			buildConfigurations = (
				EC0287EB238B0BFF0078A3BF /* Debug */,
				EC0287EC238B0BFF0078A3BF /* Release */,
			);
			defaultConfigurationIsVisible = 0;
			defaultConfigurationName = Release;
		};
/* End XCConfigurationList section */
	};
	rootObject = EC0287CE238B0BFF0078A3BF /* Project object */;
}
